
Microsoft Visual Studio Solution File, Format Version 12.00
# Visual Studio Version 16
VisualStudioVersion = 16.0.29025.244
MinimumVisualStudioVersion = 10.0.40219.1
Project("{FAE04EC0-301F-11D3-BF4B-00C04F79EFBC}") = "MyFirstProject", "MyFirstProject\MyFirstProject.csproj", "{0A1C2F55-D52F-41B8-A1E0-98998F9625FB}"
EndProject
Global
	GlobalSection(SolutionConfigurationPlatforms) = preSolution
		Debug|Any CPU = Debug|Any CPU
		Release|Any CPU = Release|Any CPU
	EndGlobalSection
	GlobalSection(ProjectConfigurationPlatforms) = postSolution
		{0A1C2F55-D52F-41B8-A1E0-98998F9625FB}.Debug|Any CPU.ActiveCfg = Debug|Any CPU
		{0A1C2F55-D52F-41B8-A1E0-98998F9625FB}.Debug|Any CPU.Build.0 = Debug|Any CPU
		{0A1C2F55-D52F-41B8-A1E0-98998F9625FB}.Release|Any CPU.ActiveCfg = Release|Any CPU
		{0A1C2F55-D52F-41B8-A1E0-98998F9625FB}.Release|Any CPU.Build.0 = Release|Any CPU
	EndGlobalSection
	GlobalSection(SolutionProperties) = preSolution
		HideSolutionNode = FALSE
	EndGlobalSection
	GlobalSection(ExtensibilityGlobals) = postSolution
		SolutionGuid = {BEBA4BB2-9693-4C61-ADAA-228F8C402184}
	EndGlobalSection
EndGlobal
